// !$*UTF8*$!
{
	archiveVersion = 1;
	classes = {
	};
	objectVersion = 46;
	objects = {

/* Begin PBXBuildFile section */
		6B1201C11E91004A00D16DF0 /* AppDelegate.swift in Sources */ = {isa = PBXBuildFile; fileRef = 6B1201C01E91004A00D16DF0 /* AppDelegate.swift */; };
		6B1201C31E91004A00D16DF0 /* MyViewController.swift in Sources */ = {isa = PBXBuildFile; fileRef = 6B1201C21E91004A00D16DF0 /* MyViewController.swift */; };
		6B1201C61E91004A00D16DF0 /* Main.storyboard in Resources */ = {isa = PBXBuildFile; fileRef = 6B1201C41E91004A00D16DF0 /* Main.storyboard */; };
		6B1201C81E91004A00D16DF0 /* Assets.xcassets in Resources */ = {isa = PBXBuildFile; fileRef = 6B1201C71E91004A00D16DF0 /* Assets.xcassets */; };
		6B1201CB1E91004A00D16DF0 /* LaunchScreen.storyboard in Resources */ = {isa = PBXBuildFile; fileRef = 6B1201C91E91004A00D16DF0 /* LaunchScreen.storyboard */; };
		6B1201D41E91010100D16DF0 /* PieViewController.swift in Sources */ = {isa = PBXBuildFile; fileRef = 6B1201D21E91010100D16DF0 /* PieViewController.swift */; };
		6B1201D51E91010100D16DF0 /* PieViewController.xib in Resources */ = {isa = PBXBuildFile; fileRef = 6B1201D31E91010100D16DF0 /* PieViewController.xib */; };
		6B1201D81E91011600D16DF0 /* PizzaViewController.swift in Sources */ = {isa = PBXBuildFile; fileRef = 6B1201D61E91011600D16DF0 /* PizzaViewController.swift */; };
		6B1201D91E91011600D16DF0 /* PizzaViewController.xib in Resources */ = {isa = PBXBuildFile; fileRef = 6B1201D71E91011600D16DF0 /* PizzaViewController.xib */; };
/* End PBXBuildFile section */

/* Begin PBXFileReference section */
		6B1201BD1E91004A00D16DF0 /* TabBarExample.app */ = {isa = PBXFileReference; explicitFileType = wrapper.application; includeInIndex = 0; path = TabBarExample.app; sourceTree = BUILT_PRODUCTS_DIR; };
		6B1201C01E91004A00D16DF0 /* AppDelegate.swift */ = {isa = PBXFileReference; lastKnownFileType = sourcecode.swift; path = AppDelegate.swift; sourceTree = "<group>"; };
		6B1201C21E91004A00D16DF0 /* MyViewController.swift */ = {isa = PBXFileReference; lastKnownFileType = sourcecode.swift; path = MyViewController.swift; sourceTree = "<group>"; };
		6B1201C51E91004A00D16DF0 /* Base */ = {isa = PBXFileReference; lastKnownFileType = file.storyboard; name = Base; path = Base.lproj/Main.storyboard; sourceTree = "<group>"; };
		6B1201C71E91004A00D16DF0 /* Assets.xcassets */ = {isa = PBXFileReference; lastKnownFileType = folder.assetcatalog; path = Assets.xcassets; sourceTree = "<group>"; };
		6B1201CA1E91004A00D16DF0 /* Base */ = {isa = PBXFileReference; lastKnownFileType = file.storyboard; name = Base; path = Base.lproj/LaunchScreen.storyboard; sourceTree = "<group>"; };
		6B1201CC1E91004A00D16DF0 /* Info.plist */ = {isa = PBXFileReference; lastKnownFileType = text.plist.xml; path = Info.plist; sourceTree = "<group>"; };
		6B1201D21E91010100D16DF0 /* PieViewController.swift */ = {isa = PBXFileReference; fileEncoding = 4; lastKnownFileType = sourcecode.swift; path = PieViewController.swift; sourceTree = "<group>"; };
		6B1201D31E91010100D16DF0 /* PieViewController.xib */ = {isa = PBXFileReference; fileEncoding = 4; lastKnownFileType = file.xib; path = PieViewController.xib; sourceTree = "<group>"; };
		6B1201D61E91011600D16DF0 /* PizzaViewController.swift */ = {isa = PBXFileReference; fileEncoding = 4; lastKnownFileType = sourcecode.swift; path = PizzaViewController.swift; sourceTree = "<group>"; };
		6B1201D71E91011600D16DF0 /* PizzaViewController.xib */ = {isa = PBXFileReference; fileEncoding = 4; lastKnownFileType = file.xib; path = PizzaViewController.xib; sourceTree = "<group>"; };
/* End PBXFileReference section */

/* Begin PBXFrameworksBuildPhase section */
		6B1201BA1E91004A00D16DF0 /* Frameworks */ = {
			isa = PBXFrameworksBuildPhase;
			buildActionMask = 2147483647;
			files = (
			);
			runOnlyForDeploymentPostprocessing = 0;
		};
/* End PBXFrameworksBuildPhase section */

/* Begin PBXGroup section */
		6B1201B41E91004A00D16DF0 = {
			isa = PBXGroup;
			children = (
				6B1201BF1E91004A00D16DF0 /* TabBarExample */,
				6B1201BE1E91004A00D16DF0 /* Products */,
			);
			sourceTree = "<group>";
		};
		6B1201BE1E91004A00D16DF0 /* Products */ = {
			isa = PBXGroup;
			children = (
				6B1201BD1E91004A00D16DF0 /* TabBarExample.app */,
			);
			name = Products;
			sourceTree = "<group>";
		};
		6B1201BF1E91004A00D16DF0 /* TabBarExample */ = {
			isa = PBXGroup;
			children = (
				6B1201C01E91004A00D16DF0 /* AppDelegate.swift */,
				6B1201C21E91004A00D16DF0 /* MyViewController.swift */,
				6B1201C41E91004A00D16DF0 /* Main.storyboard */,
				6B1201C71E91004A00D16DF0 /* Assets.xcassets */,
				6B1201C91E91004A00D16DF0 /* LaunchScreen.storyboard */,
				6B1201CC1E91004A00D16DF0 /* Info.plist */,
				6B1201D21E91010100D16DF0 /* PieViewController.swift */,
				6B1201D31E91010100D16DF0 /* PieViewController.xib */,
				6B1201D61E91011600D16DF0 /* PizzaViewController.swift */,
				6B1201D71E91011600D16DF0 /* PizzaViewController.xib */,
			);
			path = TabBarExample;
			sourceTree = "<group>";
		};
/* End PBXGroup section */

/* Begin PBXNativeTarget section */
		6B1201BC1E91004A00D16DF0 /* TabBarExample */ = {
			isa = PBXNativeTarget;
			buildConfigurationList = 6B1201CF1E91004A00D16DF0 /* Build configuration list for PBXNativeTarget "TabBarExample" */;
			buildPhases = (
				6B1201B91E91004A00D16DF0 /* Sources */,
				6B1201BA1E91004A00D16DF0 /* Frameworks */,
				6B1201BB1E91004A00D16DF0 /* Resources */,
			);
			buildRules = (
			);
			dependencies = (
			);
			name = TabBarExample;
			productName = TabBarExample;
			productReference = 6B1201BD1E91004A00D16DF0 /* TabBarExample.app */;
			productType = "com.apple.product-type.application";
		};
/* End PBXNativeTarget section */

/* Begin PBXProject section */
		6B1201B51E91004A00D16DF0 /* Project object */ = {
			isa = PBXProject;
			attributes = {
				LastSwiftUpdateCheck = 0820;
				LastUpgradeCheck = 0820;
				ORGANIZATIONNAME = "Krishna Alex";
				TargetAttributes = {
					6B1201BC1E91004A00D16DF0 = {
						CreatedOnToolsVersion = 8.2.1;
						ProvisioningStyle = Automatic;
					};
				};
			};
			buildConfigurationList = 6B1201B81E91004A00D16DF0 /* Build configuration list for PBXProject "TabBarExample" */;
			compatibilityVersion = "Xcode 3.2";
			developmentRegion = English;
			hasScannedForEncodings = 0;
			knownRegions = (
				en,
				Base,
			);
			mainGroup = 6B1201B41E91004A00D16DF0;
			productRefGroup = 6B1201BE1E91004A00D16DF0 /* Products */;
			projectDirPath = "";
			projectRoot = "";
			targets = (
				6B1201BC1E91004A00D16DF0 /* TabBarExample */,
			);
		};
/* End PBXProject section */

/* Begin PBXResourcesBuildPhase section */
		6B1201BB1E91004A00D16DF0 /* Resources */ = {
			isa = PBXResourcesBuildPhase;
			buildActionMask = 2147483647;
			files = (
				6B1201D91E91011600D16DF0 /* PizzaViewController.xib in Resources */,
				6B1201CB1E91004A00D16DF0 /* LaunchScreen.storyboard in Resources */,
				6B1201C81E91004A00D16DF0 /* Assets.xcassets in Resources */,
				6B1201C61E91004A00D16DF0 /* Main.storyboard in Resources */,
				6B1201D51E91010100D16DF0 /* PieViewController.xib in Resources */,
			);
			runOnlyForDeploymentPostprocessing = 0;
		};
/* End PBXResourcesBuildPhase section */

/* Begin PBXSourcesBuildPhase section */
		6B1201B91E91004A00D16DF0 /* Sources */ = {
			isa = PBXSourcesBuildPhase;
			buildActionMask = 2147483647;
			files = (
				6B1201D41E91010100D16DF0 /* PieViewController.swift in Sources */,
				6B1201D81E91011600D16DF0 /* PizzaViewController.swift in Sources */,
				6B1201C31E91004A00D16DF0 /* MyViewController.swift in Sources */,
				6B1201C11E91004A00D16DF0 /* AppDelegate.swift in Sources */,
			);
			runOnlyForDeploymentPostprocessing = 0;
		};
/* End PBXSourcesBuildPhase section */

/* Begin PBXVariantGroup section */
		6B1201C41E91004A00D16DF0 /* Main.storyboard */ = {
			isa = PBXVariantGroup;
			children = (
				6B1201C51E91004A00D16DF0 /* Base */,
			);
			name = Main.storyboard;
			sourceTree = "<group>";
		};
		6B1201C91E91004A00D16DF0 /* LaunchScreen.storyboard */ = {
			isa = PBXVariantGroup;
			children = (
				6B1201CA1E91004A00D16DF0 /* Base */,
			);
			name = LaunchScreen.storyboard;
			sourceTree = "<group>";
		};
/* End PBXVariantGroup section */

/* Begin XCBuildConfiguration section */
		6B1201CD1E91004A00D16DF0 /* Debug */ = {
			isa = XCBuildConfiguration;
			buildSettings = {
				ALWAYS_SEARCH_USER_PATHS = NO;
				CLANG_ANALYZER_NONNULL = YES;
				CLANG_CXX_LANGUAGE_STANDARD = "gnu++0x";
				CLANG_CXX_LIBRARY = "libc++";
				CLANG_ENABLE_MODULES = YES;
				CLANG_ENABLE_OBJC_ARC = YES;
				CLANG_WARN_BOOL_CONVERSION = YES;
				CLANG_WARN_CONSTANT_CONVERSION = YES;
				CLANG_WARN_DIRECT_OBJC_ISA_USAGE = YES_ERROR;
				CLANG_WARN_DOCUMENTATION_COMMENTS = YES;
				CLANG_WARN_EMPTY_BODY = YES;
				CLANG_WARN_ENUM_CONVERSION = YES;
				CLANG_WARN_INFINITE_RECURSION = YES;
				CLANG_WARN_INT_CONVERSION = YES;
				CLANG_WARN_OBJC_ROOT_CLASS = YES_ERROR;
				CLANG_WARN_SUSPICIOUS_MOVE = YES;
				CLANG_WARN_UNREACHABLE_CODE = YES;
				CLANG_WARN__DUPLICATE_METHOD_MATCH = YES;
				"CODE_SIGN_IDENTITY[sdk=iphoneos*]" = "iPhone Developer";
				COPY_PHASE_STRIP = NO;
				DEBUG_INFORMATION_FORMAT = dwarf;
				ENABLE_STRICT_OBJC_MSGSEND = YES;
				ENABLE_TESTABILITY = YES;
				GCC_C_LANGUAGE_STANDARD = gnu99;
				GCC_DYNAMIC_NO_PIC = NO;
				GCC_NO_COMMON_BLOCKS = YES;
				GCC_OPTIMIZATION_LEVEL = 0;
				GCC_PREPROCESSOR_DEFINITIONS = (
					"DEBUG=1",
					"$(inherited)",
				);
				GCC_WARN_64_TO_32_BIT_CONVERSION = YES;
				GCC_WARN_ABOUT_RETURN_TYPE = YES_ERROR;
				GCC_WARN_UNDECLARED_SELECTOR = YES;
				GCC_WARN_UNINITIALIZED_AUTOS = YES_AGGRESSIVE;
				GCC_WARN_UNUSED_FUNCTION = YES;
				GCC_WARN_UNUSED_VARIABLE = YES;
				IPHONEOS_DEPLOYMENT_TARGET = 10.2;
				MTL_ENABLE_DEBUG_INFO = YES;
				ONLY_ACTIVE_ARCH = YES;
				SDKROOT = iphoneos;
				SWIFT_ACTIVE_COMPILATION_CONDITIONS = DEBUG;
				SWIFT_OPTIMIZATION_LEVEL = "-Onone";
			};
			name = Debug;
		};
		6B1201CE1E91004A00D16DF0 /* Release */ = {
			isa = XCBuildConfiguration;
			buildSettings = {
				ALWAYS_SEARCH_USER_PATHS = NO;
				CLANG_ANALYZER_NONNULL = YES;
				CLANG_CXX_LANGUAGE_STANDARD = "gnu++0x";
				CLANG_CXX_LIBRARY = "libc++";
				CLANG_ENABLE_MODULES = YES;
				CLANG_ENABLE_OBJC_ARC = YES;
				CLANG_WARN_BOOL_CONVERSION = YES;
				CLANG_WARN_CONSTANT_CONVERSION = YES;
				CLANG_WARN_DIRECT_OBJC_ISA_USAGE = YES_ERROR;
				CLANG_WARN_DOCUMENTATION_COMMENTS = YES;
				CLANG_WARN_EMPTY_BODY = YES;
				CLANG_WARN_ENUM_CONVERSION = YES;
				CLANG_WARN_INFINITE_RECURSION = YES;
				CLANG_WARN_INT_CONVERSION = YES;
				CLANG_WARN_OBJC_ROOT_CLASS = YES_ERROR;
				CLANG_WARN_SUSPICIOUS_MOVE = YES;
				CLANG_WARN_UNREACHABLE_CODE = YES;
				CLANG_WARN__DUPLICATE_METHOD_MATCH = YES;
				"CODE_SIGN_IDENTITY[sdk=iphoneos*]" = "iPhone Developer";
				COPY_PHASE_STRIP = NO;
				DEBUG_INFORMATION_FORMAT = "dwarf-with-dsym";
				ENABLE_NS_ASSERTIONS = NO;
				ENABLE_STRICT_OBJC_MSGSEND = YES;
				GCC_C_LANGUAGE_STANDARD = gnu99;
				GCC_NO_COMMON_BLOCKS = YES;
				GCC_WARN_64_TO_32_BIT_CONVERSION = YES;
				GCC_WARN_ABOUT_RETURN_TYPE = YES_ERROR;
				GCC_WARN_UNDECLARED_SELECTOR = YES;
				GCC_WARN_UNINITIALIZED_AUTOS = YES_AGGRESSIVE;
				GCC_WARN_UNUSED_FUNCTION = YES;
				GCC_WARN_UNUSED_VARIABLE = YES;
				IPHONEOS_DEPLOYMENT_TARGET = 10.2;
				MTL_ENABLE_DEBUG_INFO = NO;
				SDKROOT = iphoneos;
				SWIFT_OPTIMIZATION_LEVEL = "-Owholemodule";
				VALIDATE_PRODUCT = YES;
			};
			name = Release;
		};
		6B1201D01E91004A00D16DF0 /* Debug */ = {
			isa = XCBuildConfiguration;
			buildSettings = {
				ASSETCATALOG_COMPILER_APPICON_NAME = AppIcon;
				INFOPLIST_FILE = TabBarExample/Info.plist;
				LD_RUNPATH_SEARCH_PATHS = "$(inherited) @executable_path/Frameworks";
				PRODUCT_BUNDLE_IDENTIFIER = com.krishnaalex.TabBarExample;
				PRODUCT_NAME = "$(TARGET_NAME)";
				SWIFT_VERSION = 3.0;
			};
			name = Debug;
		};
		6B1201D11E91004A00D16DF0 /* Release */ = {
			isa = XCBuildConfiguration;
			buildSettings = {
				ASSETCATALOG_COMPILER_APPICON_NAME = AppIcon;
				INFOPLIST_FILE = TabBarExample/Info.plist;
				LD_RUNPATH_SEARCH_PATHS = "$(inherited) @executable_path/Frameworks";
				PRODUCT_BUNDLE_IDENTIFIER = com.krishnaalex.TabBarExample;
				PRODUCT_NAME = "$(TARGET_NAME)";
				SWIFT_VERSION = 3.0;
			};
			name = Release;
		};
/* End XCBuildConfiguration section */

/* Begin XCConfigurationList section */
		6B1201B81E91004A00D16DF0 /* Build configuration list for PBXProject "TabBarExample" */ = {
			isa = XCConfigurationList;
			buildConfigurations = (
				6B1201CD1E91004A00D16DF0 /* Debug */,
				6B1201CE1E91004A00D16DF0 /* Release */,
			);
			defaultConfigurationIsVisible = 0;
			defaultConfigurationName = Release;
		};
		6B1201CF1E91004A00D16DF0 /* Build configuration list for PBXNativeTarget "TabBarExample" */ = {
			isa = XCConfigurationList;
			buildConfigurations = (
				6B1201D01E91004A00D16DF0 /* Debug */,
				6B1201D11E91004A00D16DF0 /* Release */,
			);
			defaultConfigurationIsVisible = 0;
		};
/* End XCConfigurationList section */
	};
	rootObject = 6B1201B51E91004A00D16DF0 /* Project object */;
}
